[ "cowboy": "5525369a4a98ff57f157842106f4adbbe1514d1b",
  "dynamo": "f9d8947cdbc9ab8cd53a654f0a856db98887cacd",
  "edown": "35f8296a25d14c5c1e3209399a2c1856700d9d5b",
  "hackney": "77977858bf833e80abf16a276175320305108eb9",
  "mimetypes": "d915b9f4414911fbc8ce0f2115bf946fdeb00b63",
  "ranch": "c3133bfbc324fbb9ac26ab689cd41dc362ad7c05" ]